// !$*UTF8*$!
{
	archiveVersion = 1;
	classes = {
	};
	objectVersion = 56;
	objects = {

/* Begin PBXBuildFile section */
		A3B6278119931F6B986E178C /* Pods_TwitterCloneApp.framework in Frameworks */ = {isa = PBXBuildFile; fileRef = 1823784E6B0ECF58F2FD1572 /* Pods_TwitterCloneApp.framework */; };
		D86D1C992999F3B70020C5F8 /* UserCell.swift in Sources */ = {isa = PBXBuildFile; fileRef = D86D1C982999F3B70020C5F8 /* UserCell.swift */; };
		D86D1C9B299B82030020C5F8 /* TweetController.swift in Sources */ = {isa = PBXBuildFile; fileRef = D86D1C9A299B82030020C5F8 /* TweetController.swift */; };
		D86D1C9D299B84730020C5F8 /* TweetHeader.swift in Sources */ = {isa = PBXBuildFile; fileRef = D86D1C9C299B84730020C5F8 /* TweetHeader.swift */; };
		D86D1C9F299F4C9C0020C5F8 /* UplaodTweetViewModel.swift in Sources */ = {isa = PBXBuildFile; fileRef = D86D1C9E299F4C9C0020C5F8 /* UplaodTweetViewModel.swift */; };
		D86D1CA1299F60410020C5F8 /* ActionSheetLauncher.swift in Sources */ = {isa = PBXBuildFile; fileRef = D86D1CA0299F60410020C5F8 /* ActionSheetLauncher.swift */; };
		D86D1CA329A0B5B30020C5F8 /* ActionSheetCell.swift in Sources */ = {isa = PBXBuildFile; fileRef = D86D1CA229A0B5B30020C5F8 /* ActionSheetCell.swift */; };
		D86D1CA529A0BCB70020C5F8 /* ActionSheetViewModel.swift in Sources */ = {isa = PBXBuildFile; fileRef = D86D1CA429A0BCB70020C5F8 /* ActionSheetViewModel.swift */; };
		D86D1CA729A3516C0020C5F8 /* Notification.swift in Sources */ = {isa = PBXBuildFile; fileRef = D86D1CA629A3516C0020C5F8 /* Notification.swift */; };
		D86D1CA929A353D70020C5F8 /* NotificationService.swift in Sources */ = {isa = PBXBuildFile; fileRef = D86D1CA829A353D70020C5F8 /* NotificationService.swift */; };
		D86D1CAB29A35C160020C5F8 /* NotificationCell.swift in Sources */ = {isa = PBXBuildFile; fileRef = D86D1CAA29A35C160020C5F8 /* NotificationCell.swift */; };
		D86D1CAD29A363A30020C5F8 /* NotificationViewModel.swift in Sources */ = {isa = PBXBuildFile; fileRef = D86D1CAC29A363A30020C5F8 /* NotificationViewModel.swift */; };
		D8A1C8962962C899008500AB /* AppDelegate.swift in Sources */ = {isa = PBXBuildFile; fileRef = D8A1C8952962C899008500AB /* AppDelegate.swift */; };
		D8A1C8982962C899008500AB /* SceneDelegate.swift in Sources */ = {isa = PBXBuildFile; fileRef = D8A1C8972962C899008500AB /* SceneDelegate.swift */; };
		D8A1C89D2962C899008500AB /* Main.storyboard in Resources */ = {isa = PBXBuildFile; fileRef = D8A1C89B2962C899008500AB /* Main.storyboard */; };
		D8A1C89F2962C89A008500AB /* Assets.xcassets in Resources */ = {isa = PBXBuildFile; fileRef = D8A1C89E2962C89A008500AB /* Assets.xcassets */; };
		D8A1C8A22962C89A008500AB /* LaunchScreen.storyboard in Resources */ = {isa = PBXBuildFile; fileRef = D8A1C8A02962C89A008500AB /* LaunchScreen.storyboard */; };
		D8A1C8B02962C9D1008500AB /* MainTabController.swift in Sources */ = {isa = PBXBuildFile; fileRef = D8A1C8AF2962C9D1008500AB /* MainTabController.swift */; };
		D8A1C8B22962CA44008500AB /* FeedController.swift in Sources */ = {isa = PBXBuildFile; fileRef = D8A1C8B12962CA44008500AB /* FeedController.swift */; };
		D8A1C8B42962CA5C008500AB /* ExploerController.swift in Sources */ = {isa = PBXBuildFile; fileRef = D8A1C8B32962CA5C008500AB /* ExploerController.swift */; };
		D8A1C8B62962CA6D008500AB /* NotificationsController.swift in Sources */ = {isa = PBXBuildFile; fileRef = D8A1C8B52962CA6D008500AB /* NotificationsController.swift */; };
		D8A1C8B82962CA87008500AB /* ConversationsController.swift in Sources */ = {isa = PBXBuildFile; fileRef = D8A1C8B72962CA87008500AB /* ConversationsController.swift */; };
		D8A1C8BA29657AE0008500AB /* Extensions.swift in Sources */ = {isa = PBXBuildFile; fileRef = D8A1C8B929657AE0008500AB /* Extensions.swift */; };
		D8A1C8BD29658324008500AB /* LoginController.swift in Sources */ = {isa = PBXBuildFile; fileRef = D8A1C8BC29658324008500AB /* LoginController.swift */; };
		D8A1C8BF29658351008500AB /* RegistrationController.swift in Sources */ = {isa = PBXBuildFile; fileRef = D8A1C8BE29658351008500AB /* RegistrationController.swift */; };
		D8A1C8C129659318008500AB /* Utilities.swift in Sources */ = {isa = PBXBuildFile; fileRef = D8A1C8C029659318008500AB /* Utilities.swift */; };
		D8A1C8C3296AAE81008500AB /* GoogleService-Info.plist in Resources */ = {isa = PBXBuildFile; fileRef = D8A1C8C2296AAE81008500AB /* GoogleService-Info.plist */; };
		D8A1C8C5296C12ED008500AB /* Constans.swift in Sources */ = {isa = PBXBuildFile; fileRef = D8A1C8C4296C12ED008500AB /* Constans.swift */; };
		D8A1C8C7296C2270008500AB /* AuthService.swift in Sources */ = {isa = PBXBuildFile; fileRef = D8A1C8C6296C2270008500AB /* AuthService.swift */; };
		D8A1C8C9296D48F7008500AB /* UserService.swift in Sources */ = {isa = PBXBuildFile; fileRef = D8A1C8C8296D48F7008500AB /* UserService.swift */; };
		D8A1C8CB296D4E8E008500AB /* User.swift in Sources */ = {isa = PBXBuildFile; fileRef = D8A1C8CA296D4E8E008500AB /* User.swift */; };
		D8A1C8CD296D6517008500AB /* UploadTweetController.swift in Sources */ = {isa = PBXBuildFile; fileRef = D8A1C8CC296D6517008500AB /* UploadTweetController.swift */; };
		D8A1C8CF296FE0D3008500AB /* CaptionTextView.swift in Sources */ = {isa = PBXBuildFile; fileRef = D8A1C8CE296FE0D3008500AB /* CaptionTextView.swift */; };
		D8A1C8D1296FE891008500AB /* TweetService.swift in Sources */ = {isa = PBXBuildFile; fileRef = D8A1C8D0296FE891008500AB /* TweetService.swift */; };
		D8A1C8D3296FEFBD008500AB /* Tweet.swift in Sources */ = {isa = PBXBuildFile; fileRef = D8A1C8D2296FEFBD008500AB /* Tweet.swift */; };
		D8A1C8D5298A45F3008500AB /* TweetCell.swift in Sources */ = {isa = PBXBuildFile; fileRef = D8A1C8D4298A45F3008500AB /* TweetCell.swift */; };
		D8A1C8D7298B9ABF008500AB /* TweetViewModel.swift in Sources */ = {isa = PBXBuildFile; fileRef = D8A1C8D6298B9ABF008500AB /* TweetViewModel.swift */; };
		D8A1C8D9298BA79C008500AB /* ProfileController.swift in Sources */ = {isa = PBXBuildFile; fileRef = D8A1C8D8298BA79C008500AB /* ProfileController.swift */; };
		D8A1C8DB298BB1B5008500AB /* ProfileHeader.swift in Sources */ = {isa = PBXBuildFile; fileRef = D8A1C8DA298BB1B5008500AB /* ProfileHeader.swift */; };
		D8A1C8DD2990C1B9008500AB /* ProfileFilterView.swift in Sources */ = {isa = PBXBuildFile; fileRef = D8A1C8DC2990C1B9008500AB /* ProfileFilterView.swift */; };
		D8A1C8DF2990C463008500AB /* ProfileFilterCell.swift in Sources */ = {isa = PBXBuildFile; fileRef = D8A1C8DE2990C463008500AB /* ProfileFilterCell.swift */; };
		D8A1C8E12990D983008500AB /* ProfileHeaderViewModel.swift in Sources */ = {isa = PBXBuildFile; fileRef = D8A1C8E02990D983008500AB /* ProfileHeaderViewModel.swift */; };
/* End PBXBuildFile section */

/* Begin PBXFileReference section */
		1823784E6B0ECF58F2FD1572 /* Pods_TwitterCloneApp.framework */ = {isa = PBXFileReference; explicitFileType = wrapper.framework; includeInIndex = 0; path = Pods_TwitterCloneApp.framework; sourceTree = BUILT_PRODUCTS_DIR; };
		5DE8FF921F4065931C1A5AFB /* Pods-TwitterCloneApp.release.xcconfig */ = {isa = PBXFileReference; includeInIndex = 1; lastKnownFileType = text.xcconfig; name = "Pods-TwitterCloneApp.release.xcconfig"; path = "Target Support Files/Pods-TwitterCloneApp/Pods-TwitterCloneApp.release.xcconfig"; sourceTree = "<group>"; };
		6FD25AAE52139A403CAC7A77 /* Pods-TwitterCloneApp.debug.xcconfig */ = {isa = PBXFileReference; includeInIndex = 1; lastKnownFileType = text.xcconfig; name = "Pods-TwitterCloneApp.debug.xcconfig"; path = "Target Support Files/Pods-TwitterCloneApp/Pods-TwitterCloneApp.debug.xcconfig"; sourceTree = "<group>"; };
		D86D1C982999F3B70020C5F8 /* UserCell.swift */ = {isa = PBXFileReference; lastKnownFileType = sourcecode.swift; path = UserCell.swift; sourceTree = "<group>"; };
		D86D1C9A299B82030020C5F8 /* TweetController.swift */ = {isa = PBXFileReference; lastKnownFileType = sourcecode.swift; path = TweetController.swift; sourceTree = "<group>"; };
		D86D1C9C299B84730020C5F8 /* TweetHeader.swift */ = {isa = PBXFileReference; lastKnownFileType = sourcecode.swift; path = TweetHeader.swift; sourceTree = "<group>"; };
		D86D1C9E299F4C9C0020C5F8 /* UplaodTweetViewModel.swift */ = {isa = PBXFileReference; lastKnownFileType = sourcecode.swift; path = UplaodTweetViewModel.swift; sourceTree = "<group>"; };
		D86D1CA0299F60410020C5F8 /* ActionSheetLauncher.swift */ = {isa = PBXFileReference; lastKnownFileType = sourcecode.swift; path = ActionSheetLauncher.swift; sourceTree = "<group>"; };
		D86D1CA229A0B5B30020C5F8 /* ActionSheetCell.swift */ = {isa = PBXFileReference; lastKnownFileType = sourcecode.swift; path = ActionSheetCell.swift; sourceTree = "<group>"; };
		D86D1CA429A0BCB70020C5F8 /* ActionSheetViewModel.swift */ = {isa = PBXFileReference; lastKnownFileType = sourcecode.swift; path = ActionSheetViewModel.swift; sourceTree = "<group>"; };
		D86D1CA629A3516C0020C5F8 /* Notification.swift */ = {isa = PBXFileReference; lastKnownFileType = sourcecode.swift; path = Notification.swift; sourceTree = "<group>"; };
		D86D1CA829A353D70020C5F8 /* NotificationService.swift */ = {isa = PBXFileReference; lastKnownFileType = sourcecode.swift; path = NotificationService.swift; sourceTree = "<group>"; };
		D86D1CAA29A35C160020C5F8 /* NotificationCell.swift */ = {isa = PBXFileReference; lastKnownFileType = sourcecode.swift; path = NotificationCell.swift; sourceTree = "<group>"; };
		D86D1CAC29A363A30020C5F8 /* NotificationViewModel.swift */ = {isa = PBXFileReference; lastKnownFileType = sourcecode.swift; path = NotificationViewModel.swift; sourceTree = "<group>"; };
		D8A1C8922962C899008500AB /* TwitterCloneApp.app */ = {isa = PBXFileReference; explicitFileType = wrapper.application; includeInIndex = 0; path = TwitterCloneApp.app; sourceTree = BUILT_PRODUCTS_DIR; };
		D8A1C8952962C899008500AB /* AppDelegate.swift */ = {isa = PBXFileReference; lastKnownFileType = sourcecode.swift; path = AppDelegate.swift; sourceTree = "<group>"; };
		D8A1C8972962C899008500AB /* SceneDelegate.swift */ = {isa = PBXFileReference; lastKnownFileType = sourcecode.swift; path = SceneDelegate.swift; sourceTree = "<group>"; };
		D8A1C89C2962C899008500AB /* Base */ = {isa = PBXFileReference; lastKnownFileType = file.storyboard; name = Base; path = Base.lproj/Main.storyboard; sourceTree = "<group>"; };
		D8A1C89E2962C89A008500AB /* Assets.xcassets */ = {isa = PBXFileReference; lastKnownFileType = folder.assetcatalog; path = Assets.xcassets; sourceTree = "<group>"; };
		D8A1C8A12962C89A008500AB /* Base */ = {isa = PBXFileReference; lastKnownFileType = file.storyboard; name = Base; path = Base.lproj/LaunchScreen.storyboard; sourceTree = "<group>"; };
		D8A1C8A32962C89A008500AB /* Info.plist */ = {isa = PBXFileReference; lastKnownFileType = text.plist.xml; path = Info.plist; sourceTree = "<group>"; };
		D8A1C8AF2962C9D1008500AB /* MainTabController.swift */ = {isa = PBXFileReference; lastKnownFileType = sourcecode.swift; path = MainTabController.swift; sourceTree = "<group>"; };
		D8A1C8B12962CA44008500AB /* FeedController.swift */ = {isa = PBXFileReference; lastKnownFileType = sourcecode.swift; path = FeedController.swift; sourceTree = "<group>"; };
		D8A1C8B32962CA5C008500AB /* ExploerController.swift */ = {isa = PBXFileReference; lastKnownFileType = sourcecode.swift; path = ExploerController.swift; sourceTree = "<group>"; };
		D8A1C8B52962CA6D008500AB /* NotificationsController.swift */ = {isa = PBXFileReference; lastKnownFileType = sourcecode.swift; path = NotificationsController.swift; sourceTree = "<group>"; };
		D8A1C8B72962CA87008500AB /* ConversationsController.swift */ = {isa = PBXFileReference; lastKnownFileType = sourcecode.swift; path = ConversationsController.swift; sourceTree = "<group>"; };
		D8A1C8B929657AE0008500AB /* Extensions.swift */ = {isa = PBXFileReference; lastKnownFileType = sourcecode.swift; path = Extensions.swift; sourceTree = "<group>"; };
		D8A1C8BC29658324008500AB /* LoginController.swift */ = {isa = PBXFileReference; lastKnownFileType = sourcecode.swift; path = LoginController.swift; sourceTree = "<group>"; };
		D8A1C8BE29658351008500AB /* RegistrationController.swift */ = {isa = PBXFileReference; lastKnownFileType = sourcecode.swift; path = RegistrationController.swift; sourceTree = "<group>"; };
		D8A1C8C029659318008500AB /* Utilities.swift */ = {isa = PBXFileReference; lastKnownFileType = sourcecode.swift; path = Utilities.swift; sourceTree = "<group>"; };
		D8A1C8C2296AAE81008500AB /* GoogleService-Info.plist */ = {isa = PBXFileReference; lastKnownFileType = text.plist; path = "GoogleService-Info.plist"; sourceTree = SOURCE_ROOT; };
		D8A1C8C4296C12ED008500AB /* Constans.swift */ = {isa = PBXFileReference; lastKnownFileType = sourcecode.swift; path = Constans.swift; sourceTree = "<group>"; };
		D8A1C8C6296C2270008500AB /* AuthService.swift */ = {isa = PBXFileReference; lastKnownFileType = sourcecode.swift; path = AuthService.swift; sourceTree = "<group>"; };
		D8A1C8C8296D48F7008500AB /* UserService.swift */ = {isa = PBXFileReference; lastKnownFileType = sourcecode.swift; path = UserService.swift; sourceTree = "<group>"; };
		D8A1C8CA296D4E8E008500AB /* User.swift */ = {isa = PBXFileReference; lastKnownFileType = sourcecode.swift; path = User.swift; sourceTree = "<group>"; };
		D8A1C8CC296D6517008500AB /* UploadTweetController.swift */ = {isa = PBXFileReference; lastKnownFileType = sourcecode.swift; path = UploadTweetController.swift; sourceTree = "<group>"; };
		D8A1C8CE296FE0D3008500AB /* CaptionTextView.swift */ = {isa = PBXFileReference; lastKnownFileType = sourcecode.swift; path = CaptionTextView.swift; sourceTree = "<group>"; };
		D8A1C8D0296FE891008500AB /* TweetService.swift */ = {isa = PBXFileReference; lastKnownFileType = sourcecode.swift; path = TweetService.swift; sourceTree = "<group>"; };
		D8A1C8D2296FEFBD008500AB /* Tweet.swift */ = {isa = PBXFileReference; lastKnownFileType = sourcecode.swift; path = Tweet.swift; sourceTree = "<group>"; };
		D8A1C8D4298A45F3008500AB /* TweetCell.swift */ = {isa = PBXFileReference; lastKnownFileType = sourcecode.swift; path = TweetCell.swift; sourceTree = "<group>"; };
		D8A1C8D6298B9ABF008500AB /* TweetViewModel.swift */ = {isa = PBXFileReference; lastKnownFileType = sourcecode.swift; path = TweetViewModel.swift; sourceTree = "<group>"; };
		D8A1C8D8298BA79C008500AB /* ProfileController.swift */ = {isa = PBXFileReference; lastKnownFileType = sourcecode.swift; path = ProfileController.swift; sourceTree = "<group>"; };
		D8A1C8DA298BB1B5008500AB /* ProfileHeader.swift */ = {isa = PBXFileReference; lastKnownFileType = sourcecode.swift; path = ProfileHeader.swift; sourceTree = "<group>"; };
		D8A1C8DC2990C1B9008500AB /* ProfileFilterView.swift */ = {isa = PBXFileReference; lastKnownFileType = sourcecode.swift; path = ProfileFilterView.swift; sourceTree = "<group>"; };
		D8A1C8DE2990C463008500AB /* ProfileFilterCell.swift */ = {isa = PBXFileReference; lastKnownFileType = sourcecode.swift; path = ProfileFilterCell.swift; sourceTree = "<group>"; };
		D8A1C8E02990D983008500AB /* ProfileHeaderViewModel.swift */ = {isa = PBXFileReference; lastKnownFileType = sourcecode.swift; path = ProfileHeaderViewModel.swift; sourceTree = "<group>"; };
/* End PBXFileReference section */

/* Begin PBXFrameworksBuildPhase section */
		D8A1C88F2962C899008500AB /* Frameworks */ = {
			isa = PBXFrameworksBuildPhase;
			buildActionMask = 2147483647;
			files = (
				A3B6278119931F6B986E178C /* Pods_TwitterCloneApp.framework in Frameworks */,
			);
			runOnlyForDeploymentPostprocessing = 0;
		};
/* End PBXFrameworksBuildPhase section */

/* Begin PBXGroup section */
		36B85B7EC935F566D450550F /* Frameworks */ = {
			isa = PBXGroup;
			children = (
				1823784E6B0ECF58F2FD1572 /* Pods_TwitterCloneApp.framework */,
			);
			name = Frameworks;
			sourceTree = "<group>";
		};
		8C3CA4148357480C67AA6DAD /* Pods */ = {
			isa = PBXGroup;
			children = (
				6FD25AAE52139A403CAC7A77 /* Pods-TwitterCloneApp.debug.xcconfig */,
				5DE8FF921F4065931C1A5AFB /* Pods-TwitterCloneApp.release.xcconfig */,
			);
			path = Pods;
			sourceTree = "<group>";
		};
		D8A1C8892962C899008500AB = {
			isa = PBXGroup;
			children = (
				D8A1C8942962C899008500AB /* TwitterCloneApp */,
				D8A1C8932962C899008500AB /* Products */,
				8C3CA4148357480C67AA6DAD /* Pods */,
				36B85B7EC935F566D450550F /* Frameworks */,
			);
			sourceTree = "<group>";
		};
		D8A1C8932962C899008500AB /* Products */ = {
			isa = PBXGroup;
			children = (
				D8A1C8922962C899008500AB /* TwitterCloneApp.app */,
			);
			name = Products;
			sourceTree = "<group>";
		};
		D8A1C8942962C899008500AB /* TwitterCloneApp */ = {
			isa = PBXGroup;
			children = (
				D8A1C8952962C899008500AB /* AppDelegate.swift */,
				D8A1C8972962C899008500AB /* SceneDelegate.swift */,
				D8A1C8AD2962C8B2008500AB /* Model */,
				D8A1C8AC2962C8AF008500AB /* View */,
				D8A1C8AB2962C8AC008500AB /* ViewModel */,
				D8A1C8AA2962C8A8008500AB /* Controller */,
				D8A1C8A92962C8A4008500AB /* API */,
				D8A1C8AE2962C8F7008500AB /* Utils */,
				D8A1C89B2962C899008500AB /* Main.storyboard */,
				D8A1C89E2962C89A008500AB /* Assets.xcassets */,
				D8A1C8A02962C89A008500AB /* LaunchScreen.storyboard */,
				D8A1C8A32962C89A008500AB /* Info.plist */,
				D8A1C8C2296AAE81008500AB /* GoogleService-Info.plist */,
			);
			path = TwitterCloneApp;
			sourceTree = "<group>";
		};
		D8A1C8A92962C8A4008500AB /* API */ = {
			isa = PBXGroup;
			children = (
				D8A1C8C6296C2270008500AB /* AuthService.swift */,
				D8A1C8C8296D48F7008500AB /* UserService.swift */,
				D8A1C8D0296FE891008500AB /* TweetService.swift */,
				D86D1CA829A353D70020C5F8 /* NotificationService.swift */,
			);
			path = API;
			sourceTree = "<group>";
		};
		D8A1C8AA2962C8A8008500AB /* Controller */ = {
			isa = PBXGroup;
			children = (
				D8A1C8BB296582F5008500AB /* Authentication */,
				D8A1C8AF2962C9D1008500AB /* MainTabController.swift */,
				D8A1C8B12962CA44008500AB /* FeedController.swift */,
				D8A1C8B32962CA5C008500AB /* ExploerController.swift */,
				D8A1C8B52962CA6D008500AB /* NotificationsController.swift */,
				D8A1C8B72962CA87008500AB /* ConversationsController.swift */,
				D8A1C8CC296D6517008500AB /* UploadTweetController.swift */,
				D8A1C8D8298BA79C008500AB /* ProfileController.swift */,
				D86D1C9A299B82030020C5F8 /* TweetController.swift */,
			);
			path = Controller;
			sourceTree = "<group>";
		};
		D8A1C8AB2962C8AC008500AB /* ViewModel */ = {
			isa = PBXGroup;
			children = (
				D8A1C8D6298B9ABF008500AB /* TweetViewModel.swift */,
				D8A1C8E02990D983008500AB /* ProfileHeaderViewModel.swift */,
				D86D1C9E299F4C9C0020C5F8 /* UplaodTweetViewModel.swift */,
				D86D1CA429A0BCB70020C5F8 /* ActionSheetViewModel.swift */,
				D86D1CAC29A363A30020C5F8 /* NotificationViewModel.swift */,
			);
			path = ViewModel;
			sourceTree = "<group>";
		};
		D8A1C8AC2962C8AF008500AB /* View */ = {
			isa = PBXGroup;
			children = (
				D8A1C8CE296FE0D3008500AB /* CaptionTextView.swift */,
				D8A1C8D4298A45F3008500AB /* TweetCell.swift */,
				D8A1C8DA298BB1B5008500AB /* ProfileHeader.swift */,
				D8A1C8DC2990C1B9008500AB /* ProfileFilterView.swift */,
				D8A1C8DE2990C463008500AB /* ProfileFilterCell.swift */,
				D86D1C982999F3B70020C5F8 /* UserCell.swift */,
				D86D1C9C299B84730020C5F8 /* TweetHeader.swift */,
				D86D1CA229A0B5B30020C5F8 /* ActionSheetCell.swift */,
				D86D1CAA29A35C160020C5F8 /* NotificationCell.swift */,
			);
			path = View;
			sourceTree = "<group>";
		};
		D8A1C8AD2962C8B2008500AB /* Model */ = {
			isa = PBXGroup;
			children = (
				D8A1C8CA296D4E8E008500AB /* User.swift */,
				D8A1C8D2296FEFBD008500AB /* Tweet.swift */,
				D86D1CA629A3516C0020C5F8 /* Notification.swift */,
			);
			path = Model;
			sourceTree = "<group>";
		};
		D8A1C8AE2962C8F7008500AB /* Utils */ = {
			isa = PBXGroup;
			children = (
				D8A1C8B929657AE0008500AB /* Extensions.swift */,
				D8A1C8C029659318008500AB /* Utilities.swift */,
				D8A1C8C4296C12ED008500AB /* Constans.swift */,
				D86D1CA0299F60410020C5F8 /* ActionSheetLauncher.swift */,
			);
			path = Utils;
			sourceTree = "<group>";
		};
		D8A1C8BB296582F5008500AB /* Authentication */ = {
			isa = PBXGroup;
			children = (
				D8A1C8BC29658324008500AB /* LoginController.swift */,
				D8A1C8BE29658351008500AB /* RegistrationController.swift */,
			);
			path = Authentication;
			sourceTree = "<group>";
		};
/* End PBXGroup section */

/* Begin PBXNativeTarget section */
		D8A1C8912962C899008500AB /* TwitterCloneApp */ = {
			isa = PBXNativeTarget;
			buildConfigurationList = D8A1C8A62962C89A008500AB /* Build configuration list for PBXNativeTarget "TwitterCloneApp" */;
			buildPhases = (
				F16DF8D7A3E33855A6BD38B3 /* [CP] Check Pods Manifest.lock */,
				D8A1C88E2962C899008500AB /* Sources */,
				D8A1C88F2962C899008500AB /* Frameworks */,
				D8A1C8902962C899008500AB /* Resources */,
				F4590F34C887DC8FBD6AA7E1 /* [CP] Embed Pods Frameworks */,
			);
			buildRules = (
			);
			dependencies = (
			);
			name = TwitterCloneApp;
			productName = TwitterCloneApp;
			productReference = D8A1C8922962C899008500AB /* TwitterCloneApp.app */;
			productType = "com.apple.product-type.application";
		};
/* End PBXNativeTarget section */

/* Begin PBXProject section */
		D8A1C88A2962C899008500AB /* Project object */ = {
			isa = PBXProject;
			attributes = {
				BuildIndependentTargetsInParallel = 1;
				LastSwiftUpdateCheck = 1420;
				LastUpgradeCheck = 1420;
				TargetAttributes = {
					D8A1C8912962C899008500AB = {
						CreatedOnToolsVersion = 14.2;
					};
				};
			};
			buildConfigurationList = D8A1C88D2962C899008500AB /* Build configuration list for PBXProject "TwitterCloneApp" */;
			compatibilityVersion = "Xcode 14.0";
			developmentRegion = en;
			hasScannedForEncodings = 0;
			knownRegions = (
				en,
				Base,
			);
			mainGroup = D8A1C8892962C899008500AB;
			productRefGroup = D8A1C8932962C899008500AB /* Products */;
			projectDirPath = "";
			projectRoot = "";
			targets = (
				D8A1C8912962C899008500AB /* TwitterCloneApp */,
			);
		};
/* End PBXProject section */

/* Begin PBXResourcesBuildPhase section */
		D8A1C8902962C899008500AB /* Resources */ = {
			isa = PBXResourcesBuildPhase;
			buildActionMask = 2147483647;
			files = (
				D8A1C8A22962C89A008500AB /* LaunchScreen.storyboard in Resources */,
				D8A1C8C3296AAE81008500AB /* GoogleService-Info.plist in Resources */,
				D8A1C89F2962C89A008500AB /* Assets.xcassets in Resources */,
				D8A1C89D2962C899008500AB /* Main.storyboard in Resources */,
			);
			runOnlyForDeploymentPostprocessing = 0;
		};
/* End PBXResourcesBuildPhase section */

/* Begin PBXShellScriptBuildPhase section */
		F16DF8D7A3E33855A6BD38B3 /* [CP] Check Pods Manifest.lock */ = {
			isa = PBXShellScriptBuildPhase;
			buildActionMask = 2147483647;
			files = (
			);
			inputFileListPaths = (
			);
			inputPaths = (
				"${PODS_PODFILE_DIR_PATH}/Podfile.lock",
				"${PODS_ROOT}/Manifest.lock",
			);
			name = "[CP] Check Pods Manifest.lock";
			outputFileListPaths = (
			);
			outputPaths = (
				"$(DERIVED_FILE_DIR)/Pods-TwitterCloneApp-checkManifestLockResult.txt",
			);
			runOnlyForDeploymentPostprocessing = 0;
			shellPath = /bin/sh;
			shellScript = "diff \"${PODS_PODFILE_DIR_PATH}/Podfile.lock\" \"${PODS_ROOT}/Manifest.lock\" > /dev/null\nif [ $? != 0 ] ; then\n    # print error to STDERR\n    echo \"error: The sandbox is not in sync with the Podfile.lock. Run 'pod install' or update your CocoaPods installation.\" >&2\n    exit 1\nfi\n# This output is used by Xcode 'outputs' to avoid re-running this script phase.\necho \"SUCCESS\" > \"${SCRIPT_OUTPUT_FILE_0}\"\n";
			showEnvVarsInLog = 0;
		};
		F4590F34C887DC8FBD6AA7E1 /* [CP] Embed Pods Frameworks */ = {
			isa = PBXShellScriptBuildPhase;
			buildActionMask = 2147483647;
			files = (
			);
			inputFileListPaths = (
				"${PODS_ROOT}/Target Support Files/Pods-TwitterCloneApp/Pods-TwitterCloneApp-frameworks-${CONFIGURATION}-input-files.xcfilelist",
			);
			name = "[CP] Embed Pods Frameworks";
			outputFileListPaths = (
				"${PODS_ROOT}/Target Support Files/Pods-TwitterCloneApp/Pods-TwitterCloneApp-frameworks-${CONFIGURATION}-output-files.xcfilelist",
			);
			runOnlyForDeploymentPostprocessing = 0;
			shellPath = /bin/sh;
			shellScript = "\"${PODS_ROOT}/Target Support Files/Pods-TwitterCloneApp/Pods-TwitterCloneApp-frameworks.sh\"\n";
			showEnvVarsInLog = 0;
		};
/* End PBXShellScriptBuildPhase section */

/* Begin PBXSourcesBuildPhase section */
		D8A1C88E2962C899008500AB /* Sources */ = {
			isa = PBXSourcesBuildPhase;
			buildActionMask = 2147483647;
			files = (
				D8A1C8C9296D48F7008500AB /* UserService.swift in Sources */,
				D8A1C8B62962CA6D008500AB /* NotificationsController.swift in Sources */,
				D8A1C8CF296FE0D3008500AB /* CaptionTextView.swift in Sources */,
				D8A1C8DF2990C463008500AB /* ProfileFilterCell.swift in Sources */,
				D8A1C8B82962CA87008500AB /* ConversationsController.swift in Sources */,
				D86D1C992999F3B70020C5F8 /* UserCell.swift in Sources */,
				D8A1C8C5296C12ED008500AB /* Constans.swift in Sources */,
				D86D1CA329A0B5B30020C5F8 /* ActionSheetCell.swift in Sources */,
				D8A1C8962962C899008500AB /* AppDelegate.swift in Sources */,
				D86D1CAD29A363A30020C5F8 /* NotificationViewModel.swift in Sources */,
				D8A1C8982962C899008500AB /* SceneDelegate.swift in Sources */,
				D86D1C9B299B82030020C5F8 /* TweetController.swift in Sources */,
				D8A1C8D9298BA79C008500AB /* ProfileController.swift in Sources */,
				D8A1C8DB298BB1B5008500AB /* ProfileHeader.swift in Sources */,
				D8A1C8BD29658324008500AB /* LoginController.swift in Sources */,
				D8A1C8C7296C2270008500AB /* AuthService.swift in Sources */,
				D8A1C8CD296D6517008500AB /* UploadTweetController.swift in Sources */,
				D86D1CA729A3516C0020C5F8 /* Notification.swift in Sources */,
				D86D1C9F299F4C9C0020C5F8 /* UplaodTweetViewModel.swift in Sources */,
				D8A1C8E12990D983008500AB /* ProfileHeaderViewModel.swift in Sources */,
				D8A1C8D5298A45F3008500AB /* TweetCell.swift in Sources */,
				D8A1C8CB296D4E8E008500AB /* User.swift in Sources */,
				D8A1C8B02962C9D1008500AB /* MainTabController.swift in Sources */,
				D8A1C8BA29657AE0008500AB /* Extensions.swift in Sources */,
				D86D1CA929A353D70020C5F8 /* NotificationService.swift in Sources */,
				D8A1C8B22962CA44008500AB /* FeedController.swift in Sources */,
				D86D1C9D299B84730020C5F8 /* TweetHeader.swift in Sources */,
				D8A1C8D7298B9ABF008500AB /* TweetViewModel.swift in Sources */,
				D86D1CA529A0BCB70020C5F8 /* ActionSheetViewModel.swift in Sources */,
				D86D1CAB29A35C160020C5F8 /* NotificationCell.swift in Sources */,
				D8A1C8BF29658351008500AB /* RegistrationController.swift in Sources */,
				D8A1C8B42962CA5C008500AB /* ExploerController.swift in Sources */,
				D8A1C8DD2990C1B9008500AB /* ProfileFilterView.swift in Sources */,
				D8A1C8C129659318008500AB /* Utilities.swift in Sources */,
				D86D1CA1299F60410020C5F8 /* ActionSheetLauncher.swift in Sources */,
				D8A1C8D3296FEFBD008500AB /* Tweet.swift in Sources */,
				D8A1C8D1296FE891008500AB /* TweetService.swift in Sources */,
			);
			runOnlyForDeploymentPostprocessing = 0;
		};
/* End PBXSourcesBuildPhase section */

/* Begin PBXVariantGroup section */
		D8A1C89B2962C899008500AB /* Main.storyboard */ = {
			isa = PBXVariantGroup;
			children = (
				D8A1C89C2962C899008500AB /* Base */,
			);
			name = Main.storyboard;
			sourceTree = "<group>";
		};
		D8A1C8A02962C89A008500AB /* LaunchScreen.storyboard */ = {
			isa = PBXVariantGroup;
			children = (
				D8A1C8A12962C89A008500AB /* Base */,
			);
			name = LaunchScreen.storyboard;
			sourceTree = "<group>";
		};
/* End PBXVariantGroup section */

/* Begin XCBuildConfiguration section */
		D8A1C8A42962C89A008500AB /* Debug */ = {
			isa = XCBuildConfiguration;
			buildSettings = {
				ALWAYS_SEARCH_USER_PATHS = NO;
				CLANG_ANALYZER_NONNULL = YES;
				CLANG_ANALYZER_NUMBER_OBJECT_CONVERSION = YES_AGGRESSIVE;
				CLANG_CXX_LANGUAGE_STANDARD = "gnu++20";
				CLANG_ENABLE_MODULES = YES;
				CLANG_ENABLE_OBJC_ARC = YES;
				CLANG_ENABLE_OBJC_WEAK = YES;
				CLANG_WARN_BLOCK_CAPTURE_AUTORELEASING = YES;
				CLANG_WARN_BOOL_CONVERSION = YES;
				CLANG_WARN_COMMA = YES;
				CLANG_WARN_CONSTANT_CONVERSION = YES;
				CLANG_WARN_DEPRECATED_OBJC_IMPLEMENTATIONS = YES;
				CLANG_WARN_DIRECT_OBJC_ISA_USAGE = YES_ERROR;
				CLANG_WARN_DOCUMENTATION_COMMENTS = YES;
				CLANG_WARN_EMPTY_BODY = YES;
				CLANG_WARN_ENUM_CONVERSION = YES;
				CLANG_WARN_INFINITE_RECURSION = YES;
				CLANG_WARN_INT_CONVERSION = YES;
				CLANG_WARN_NON_LITERAL_NULL_CONVERSION = YES;
				CLANG_WARN_OBJC_IMPLICIT_RETAIN_SELF = YES;
				CLANG_WARN_OBJC_LITERAL_CONVERSION = YES;
				CLANG_WARN_OBJC_ROOT_CLASS = YES_ERROR;
				CLANG_WARN_QUOTED_INCLUDE_IN_FRAMEWORK_HEADER = YES;
				CLANG_WARN_RANGE_LOOP_ANALYSIS = YES;
				CLANG_WARN_STRICT_PROTOTYPES = YES;
				CLANG_WARN_SUSPICIOUS_MOVE = YES;
				CLANG_WARN_UNGUARDED_AVAILABILITY = YES_AGGRESSIVE;
				CLANG_WARN_UNREACHABLE_CODE = YES;
				CLANG_WARN__DUPLICATE_METHOD_MATCH = YES;
				COPY_PHASE_STRIP = NO;
				DEBUG_INFORMATION_FORMAT = dwarf;
				ENABLE_STRICT_OBJC_MSGSEND = YES;
				ENABLE_TESTABILITY = YES;
				GCC_C_LANGUAGE_STANDARD = gnu11;
				GCC_DYNAMIC_NO_PIC = NO;
				GCC_NO_COMMON_BLOCKS = YES;
				GCC_OPTIMIZATION_LEVEL = 0;
				GCC_PREPROCESSOR_DEFINITIONS = (
					"DEBUG=1",
					"$(inherited)",
				);
				GCC_WARN_64_TO_32_BIT_CONVERSION = YES;
				GCC_WARN_ABOUT_RETURN_TYPE = YES_ERROR;
				GCC_WARN_UNDECLARED_SELECTOR = YES;
				GCC_WARN_UNINITIALIZED_AUTOS = YES_AGGRESSIVE;
				GCC_WARN_UNUSED_FUNCTION = YES;
				GCC_WARN_UNUSED_VARIABLE = YES;
				IPHONEOS_DEPLOYMENT_TARGET = 16.2;
				MTL_ENABLE_DEBUG_INFO = INCLUDE_SOURCE;
				MTL_FAST_MATH = YES;
				ONLY_ACTIVE_ARCH = YES;
				SDKROOT = iphoneos;
				SWIFT_ACTIVE_COMPILATION_CONDITIONS = DEBUG;
				SWIFT_OPTIMIZATION_LEVEL = "-Onone";
			};
			name = Debug;
		};
		D8A1C8A52962C89A008500AB /* Release */ = {
			isa = XCBuildConfiguration;
			buildSettings = {
				ALWAYS_SEARCH_USER_PATHS = NO;
				CLANG_ANALYZER_NONNULL = YES;
				CLANG_ANALYZER_NUMBER_OBJECT_CONVERSION = YES_AGGRESSIVE;
				CLANG_CXX_LANGUAGE_STANDARD = "gnu++20";
				CLANG_ENABLE_MODULES = YES;
				CLANG_ENABLE_OBJC_ARC = YES;
				CLANG_ENABLE_OBJC_WEAK = YES;
				CLANG_WARN_BLOCK_CAPTURE_AUTORELEASING = YES;
				CLANG_WARN_BOOL_CONVERSION = YES;
				CLANG_WARN_COMMA = YES;
				CLANG_WARN_CONSTANT_CONVERSION = YES;
				CLANG_WARN_DEPRECATED_OBJC_IMPLEMENTATIONS = YES;
				CLANG_WARN_DIRECT_OBJC_ISA_USAGE = YES_ERROR;
				CLANG_WARN_DOCUMENTATION_COMMENTS = YES;
				CLANG_WARN_EMPTY_BODY = YES;
				CLANG_WARN_ENUM_CONVERSION = YES;
				CLANG_WARN_INFINITE_RECURSION = YES;
				CLANG_WARN_INT_CONVERSION = YES;
				CLANG_WARN_NON_LITERAL_NULL_CONVERSION = YES;
				CLANG_WARN_OBJC_IMPLICIT_RETAIN_SELF = YES;
				CLANG_WARN_OBJC_LITERAL_CONVERSION = YES;
				CLANG_WARN_OBJC_ROOT_CLASS = YES_ERROR;
				CLANG_WARN_QUOTED_INCLUDE_IN_FRAMEWORK_HEADER = YES;
				CLANG_WARN_RANGE_LOOP_ANALYSIS = YES;
				CLANG_WARN_STRICT_PROTOTYPES = YES;
				CLANG_WARN_SUSPICIOUS_MOVE = YES;
				CLANG_WARN_UNGUARDED_AVAILABILITY = YES_AGGRESSIVE;
				CLANG_WARN_UNREACHABLE_CODE = YES;
				CLANG_WARN__DUPLICATE_METHOD_MATCH = YES;
				COPY_PHASE_STRIP = NO;
				DEBUG_INFORMATION_FORMAT = "dwarf-with-dsym";
				ENABLE_NS_ASSERTIONS = NO;
				ENABLE_STRICT_OBJC_MSGSEND = YES;
				GCC_C_LANGUAGE_STANDARD = gnu11;
				GCC_NO_COMMON_BLOCKS = YES;
				GCC_WARN_64_TO_32_BIT_CONVERSION = YES;
				GCC_WARN_ABOUT_RETURN_TYPE = YES_ERROR;
				GCC_WARN_UNDECLARED_SELECTOR = YES;
				GCC_WARN_UNINITIALIZED_AUTOS = YES_AGGRESSIVE;
				GCC_WARN_UNUSED_FUNCTION = YES;
				GCC_WARN_UNUSED_VARIABLE = YES;
				IPHONEOS_DEPLOYMENT_TARGET = 16.2;
				MTL_ENABLE_DEBUG_INFO = NO;
				MTL_FAST_MATH = YES;
				SDKROOT = iphoneos;
				SWIFT_COMPILATION_MODE = wholemodule;
				SWIFT_OPTIMIZATION_LEVEL = "-O";
				VALIDATE_PRODUCT = YES;
			};
			name = Release;
		};
		D8A1C8A72962C89A008500AB /* Debug */ = {
			isa = XCBuildConfiguration;
			baseConfigurationReference = 6FD25AAE52139A403CAC7A77 /* Pods-TwitterCloneApp.debug.xcconfig */;
			buildSettings = {
				ASSETCATALOG_COMPILER_APPICON_NAME = AppIcon;
				ASSETCATALOG_COMPILER_GLOBAL_ACCENT_COLOR_NAME = AccentColor;
				CODE_SIGN_STYLE = Automatic;
				CURRENT_PROJECT_VERSION = 1;
				DEVELOPMENT_TEAM = TK8FVHX9VB;
				GENERATE_INFOPLIST_FILE = YES;
				INFOPLIST_FILE = TwitterCloneApp/Info.plist;
				INFOPLIST_KEY_UIApplicationSupportsIndirectInputEvents = YES;
				INFOPLIST_KEY_UILaunchStoryboardName = LaunchScreen;
				INFOPLIST_KEY_UIMainStoryboardFile = Main;
				INFOPLIST_KEY_UISupportedInterfaceOrientations_iPad = "UIInterfaceOrientationPortrait UIInterfaceOrientationPortraitUpsideDown UIInterfaceOrientationLandscapeLeft UIInterfaceOrientationLandscapeRight";
				INFOPLIST_KEY_UISupportedInterfaceOrientations_iPhone = "UIInterfaceOrientationPortrait UIInterfaceOrientationLandscapeLeft UIInterfaceOrientationLandscapeRight";
				LD_RUNPATH_SEARCH_PATHS = (
					"$(inherited)",
					"@executable_path/Frameworks",
				);
				MARKETING_VERSION = 1.0;
				PRODUCT_BUNDLE_IDENTIFIER = MoviewTableViewInCode.TwitterCloneApp;
				PRODUCT_NAME = "$(TARGET_NAME)";
				SWIFT_EMIT_LOC_STRINGS = YES;
				SWIFT_VERSION = 5.0;
				TARGETED_DEVICE_FAMILY = "1,2";
			};
			name = Debug;
		};
		D8A1C8A82962C89A008500AB /* Release */ = {
			isa = XCBuildConfiguration;
			baseConfigurationReference = 5DE8FF921F4065931C1A5AFB /* Pods-TwitterCloneApp.release.xcconfig */;
			buildSettings = {
				ASSETCATALOG_COMPILER_APPICON_NAME = AppIcon;
				ASSETCATALOG_COMPILER_GLOBAL_ACCENT_COLOR_NAME = AccentColor;
				CODE_SIGN_STYLE = Automatic;
				CURRENT_PROJECT_VERSION = 1;
				DEVELOPMENT_TEAM = TK8FVHX9VB;
				GENERATE_INFOPLIST_FILE = YES;
				INFOPLIST_FILE = TwitterCloneApp/Info.plist;
				INFOPLIST_KEY_UIApplicationSupportsIndirectInputEvents = YES;
				INFOPLIST_KEY_UILaunchStoryboardName = LaunchScreen;
				INFOPLIST_KEY_UIMainStoryboardFile = Main;
				INFOPLIST_KEY_UISupportedInterfaceOrientations_iPad = "UIInterfaceOrientationPortrait UIInterfaceOrientationPortraitUpsideDown UIInterfaceOrientationLandscapeLeft UIInterfaceOrientationLandscapeRight";
				INFOPLIST_KEY_UISupportedInterfaceOrientations_iPhone = "UIInterfaceOrientationPortrait UIInterfaceOrientationLandscapeLeft UIInterfaceOrientationLandscapeRight";
				LD_RUNPATH_SEARCH_PATHS = (
					"$(inherited)",
					"@executable_path/Frameworks",
				);
				MARKETING_VERSION = 1.0;
				PRODUCT_BUNDLE_IDENTIFIER = MoviewTableViewInCode.TwitterCloneApp;
				PRODUCT_NAME = "$(TARGET_NAME)";
				SWIFT_EMIT_LOC_STRINGS = YES;
				SWIFT_VERSION = 5.0;
				TARGETED_DEVICE_FAMILY = "1,2";
			};
			name = Release;
		};
/* End XCBuildConfiguration section */

/* Begin XCConfigurationList section */
		D8A1C88D2962C899008500AB /* Build configuration list for PBXProject "TwitterCloneApp" */ = {
			isa = XCConfigurationList;
			buildConfigurations = (
				D8A1C8A42962C89A008500AB /* Debug */,
				D8A1C8A52962C89A008500AB /* Release */,
			);
			defaultConfigurationIsVisible = 0;
			defaultConfigurationName = Release;
		};
		D8A1C8A62962C89A008500AB /* Build configuration list for PBXNativeTarget "TwitterCloneApp" */ = {
			isa = XCConfigurationList;
			buildConfigurations = (
				D8A1C8A72962C89A008500AB /* Debug */,
				D8A1C8A82962C89A008500AB /* Release */,
			);
			defaultConfigurationIsVisible = 0;
			defaultConfigurationName = Release;
		};
/* End XCConfigurationList section */
	};
	rootObject = D8A1C88A2962C899008500AB /* Project object */;
}
